// !$*UTF8*$!
{
	archiveVersion = 1;
	classes = {
	};
	objectVersion = 46;
	objects = {

/* Begin PBXBuildFile section */
		AA0DFC4319D8598E0042C627 /* Planet.cpp in Sources */ = {isa = PBXBuildFile; fileRef = AA0DFC4119D8598E0042C627 /* Planet.cpp */; };
		AA4BABD719DA04B10022C8BC /* glm in Resources */ = {isa = PBXBuildFile; fileRef = AA4BABD619DA04B10022C8BC /* glm */; };
		AA4BABDA19DA08450022C8BC /* Camera.cpp in Sources */ = {isa = PBXBuildFile; fileRef = AA4BABD819DA08450022C8BC /* Camera.cpp */; };
		AA623B3C19D8709000C31816 /* Player.cpp in Sources */ = {isa = PBXBuildFile; fileRef = AA623B3A19D8709000C31816 /* Player.cpp */; };
		AA68DB5519D8384600B073C6 /* ResourcePath.mm in Sources */ = {isa = PBXBuildFile; fileRef = AA68DB5419D8384600B073C6 /* ResourcePath.mm */; };
		AA68DB5819D8384600B073C6 /* main.cpp in Sources */ = {isa = PBXBuildFile; fileRef = AA68DB5719D8384600B073C6 /* main.cpp */; };
		AA68DB6C19D83B5700B073C6 /* GLManager.cpp in Sources */ = {isa = PBXBuildFile; fileRef = AA68DB6A19D83B5700B073C6 /* GLManager.cpp */; };
		AA68DB6E19D8404F00B073C6 /* OpenGL.framework in Frameworks */ = {isa = PBXBuildFile; fileRef = AA68DB6D19D8404F00B073C6 /* OpenGL.framework */; settings = {ATTRIBUTES = (Required, ); }; };
		AA68DB7119D8407700B073C6 /* fragmentShader.glsl in Resources */ = {isa = PBXBuildFile; fileRef = AA68DB6F19D8407700B073C6 /* fragmentShader.glsl */; };
		AA68DB7419D8408A00B073C6 /* vertexShader.glsl in Resources */ = {isa = PBXBuildFile; fileRef = AA68DB7319D8408A00B073C6 /* vertexShader.glsl */; };
		AACC3ED319DCE87500FEDC84 /* MainGame_SDL.cpp in Sources */ = {isa = PBXBuildFile; fileRef = AACC3ED119DCE87500FEDC84 /* MainGame_SDL.cpp */; };
		AACC3ED519DCE8B700FEDC84 /* SDL2.framework in Frameworks */ = {isa = PBXBuildFile; fileRef = AACC3ED419DCE8B700FEDC84 /* SDL2.framework */; };
		CAB9F7F319E6E5B90043C313 /* atmosphericFrag.glsl in Resources */ = {isa = PBXBuildFile; fileRef = CAB9F7F219E6E5B90043C313 /* atmosphericFrag.glsl */; };
/* End PBXBuildFile section */

/* Begin PBXFileReference section */
		AA073A9E19EB2CB10048B9BE /* typedefs.h */ = {isa = PBXFileReference; fileEncoding = 4; lastKnownFileType = sourcecode.c.h; path = typedefs.h; sourceTree = "<group>"; };
		AA0DFC4119D8598E0042C627 /* Planet.cpp */ = {isa = PBXFileReference; fileEncoding = 4; lastKnownFileType = sourcecode.cpp.cpp; path = Planet.cpp; sourceTree = "<group>"; };
		AA0DFC4219D8598E0042C627 /* Planet.h */ = {isa = PBXFileReference; fileEncoding = 4; lastKnownFileType = sourcecode.c.h; path = Planet.h; sourceTree = "<group>"; };
		AA0DFC4719D861F00042C627 /* VectorHelper.h */ = {isa = PBXFileReference; lastKnownFileType = sourcecode.c.h; path = VectorHelper.h; sourceTree = "<group>"; };
		AA4BABD619DA04B10022C8BC /* glm */ = {isa = PBXFileReference; lastKnownFileType = folder; path = glm; sourceTree = "<group>"; };
		AA4BABD819DA08450022C8BC /* Camera.cpp */ = {isa = PBXFileReference; fileEncoding = 4; lastKnownFileType = sourcecode.cpp.cpp; path = Camera.cpp; sourceTree = "<group>"; };
		AA4BABD919DA08450022C8BC /* Camera.h */ = {isa = PBXFileReference; fileEncoding = 4; lastKnownFileType = sourcecode.c.h; path = Camera.h; sourceTree = "<group>"; };
		AA623B3A19D8709000C31816 /* Player.cpp */ = {isa = PBXFileReference; fileEncoding = 4; lastKnownFileType = sourcecode.cpp.cpp; path = Player.cpp; sourceTree = "<group>"; };
		AA623B3B19D8709000C31816 /* Player.h */ = {isa = PBXFileReference; fileEncoding = 4; lastKnownFileType = sourcecode.c.h; path = Player.h; sourceTree = "<group>"; };
		AA68DB4F19D8384600B073C6 /* PlanetRendering.app */ = {isa = PBXFileReference; explicitFileType = wrapper.application; includeInIndex = 0; path = PlanetRendering.app; sourceTree = BUILT_PRODUCTS_DIR; };
		AA68DB5319D8384600B073C6 /* PlanetRendering-Info.plist */ = {isa = PBXFileReference; lastKnownFileType = text.plist.xml; path = "PlanetRendering-Info.plist"; sourceTree = "<group>"; };
		AA68DB5419D8384600B073C6 /* ResourcePath.mm */ = {isa = PBXFileReference; lastKnownFileType = sourcecode.cpp.objcpp; path = ResourcePath.mm; sourceTree = "<group>"; };
		AA68DB5619D8384600B073C6 /* ResourcePath.hpp */ = {isa = PBXFileReference; lastKnownFileType = sourcecode.cpp.h; path = ResourcePath.hpp; sourceTree = "<group>"; };
		AA68DB5719D8384600B073C6 /* main.cpp */ = {isa = PBXFileReference; lastKnownFileType = sourcecode.cpp.cpp; path = main.cpp; sourceTree = "<group>"; };
		AA68DB6A19D83B5700B073C6 /* GLManager.cpp */ = {isa = PBXFileReference; fileEncoding = 4; lastKnownFileType = sourcecode.cpp.cpp; path = GLManager.cpp; sourceTree = "<group>"; };
		AA68DB6B19D83B5700B073C6 /* GLManager.h */ = {isa = PBXFileReference; fileEncoding = 4; lastKnownFileType = sourcecode.c.h; path = GLManager.h; sourceTree = "<group>"; };
		AA68DB6D19D8404F00B073C6 /* OpenGL.framework */ = {isa = PBXFileReference; lastKnownFileType = wrapper.framework; name = OpenGL.framework; path = System/Library/Frameworks/OpenGL.framework; sourceTree = SDKROOT; };
		AA68DB6F19D8407700B073C6 /* fragmentShader.glsl */ = {isa = PBXFileReference; fileEncoding = 4; lastKnownFileType = text; path = fragmentShader.glsl; sourceTree = "<group>"; };
		AA68DB7319D8408A00B073C6 /* vertexShader.glsl */ = {isa = PBXFileReference; fileEncoding = 4; lastKnownFileType = text; path = vertexShader.glsl; sourceTree = "<group>"; };
		AACC3ED119DCE87500FEDC84 /* MainGame_SDL.cpp */ = {isa = PBXFileReference; fileEncoding = 4; lastKnownFileType = sourcecode.cpp.cpp; path = MainGame_SDL.cpp; sourceTree = "<group>"; };
		AACC3ED219DCE87500FEDC84 /* MainGame_SDL.h */ = {isa = PBXFileReference; fileEncoding = 4; lastKnownFileType = sourcecode.c.h; path = MainGame_SDL.h; sourceTree = "<group>"; };
		AACC3ED419DCE8B700FEDC84 /* SDL2.framework */ = {isa = PBXFileReference; lastKnownFileType = wrapper.framework; path = SDL2.framework; sourceTree = "<group>"; };
		CAB9F7F219E6E5B90043C313 /* atmosphericFrag.glsl */ = {isa = PBXFileReference; fileEncoding = 4; lastKnownFileType = text; path = atmosphericFrag.glsl; sourceTree = "<group>"; };
/* End PBXFileReference section */

/* Begin PBXFrameworksBuildPhase section */
		AA68DB4B19D8384600B073C6 /* Frameworks */ = {
			isa = PBXFrameworksBuildPhase;
			buildActionMask = 2147483647;
			files = (
				AACC3ED519DCE8B700FEDC84 /* SDL2.framework in Frameworks */,
				AA68DB6E19D8404F00B073C6 /* OpenGL.framework in Frameworks */,
			);
			runOnlyForDeploymentPostprocessing = 0;
		};
/* End PBXFrameworksBuildPhase section */

/* Begin PBXGroup section */
		AA68DB4519D8384600B073C6 = {
			isa = PBXGroup;
			children = (
				AACC3ED419DCE8B700FEDC84 /* SDL2.framework */,
				AA68DB6D19D8404F00B073C6 /* OpenGL.framework */,
				AA68DB5119D8384600B073C6 /* PlanetRendering */,
				AA68DB5019D8384600B073C6 /* Products */,
			);
			sourceTree = "<group>";
		};
		AA68DB5019D8384600B073C6 /* Products */ = {
			isa = PBXGroup;
			children = (
				AA68DB4F19D8384600B073C6 /* PlanetRendering.app */,
			);
			name = Products;
			sourceTree = "<group>";
		};
		AA68DB5119D8384600B073C6 /* PlanetRendering */ = {
			isa = PBXGroup;
			children = (
				AA4BABD819DA08450022C8BC /* Camera.cpp */,
				AA4BABD919DA08450022C8BC /* Camera.h */,
				AA4BABD619DA04B10022C8BC /* glm */,
				AA623B3A19D8709000C31816 /* Player.cpp */,
				AA623B3B19D8709000C31816 /* Player.h */,
				AA68DB5419D8384600B073C6 /* ResourcePath.mm */,
				AA68DB5619D8384600B073C6 /* ResourcePath.hpp */,
				AA68DB5719D8384600B073C6 /* main.cpp */,
				AA68DB5919D8384600B073C6 /* Resources */,
				AA68DB5219D8384600B073C6 /* Supporting Files */,
				AA68DB6A19D83B5700B073C6 /* GLManager.cpp */,
				AA68DB6B19D83B5700B073C6 /* GLManager.h */,
				AA0DFC4119D8598E0042C627 /* Planet.cpp */,
				AA0DFC4219D8598E0042C627 /* Planet.h */,
				AA0DFC4719D861F00042C627 /* VectorHelper.h */,
				AACC3ED119DCE87500FEDC84 /* MainGame_SDL.cpp */,
				AACC3ED219DCE87500FEDC84 /* MainGame_SDL.h */,
				AA073A9E19EB2CB10048B9BE /* typedefs.h */,
			);
			path = PlanetRendering;
			sourceTree = "<group>";
		};
		AA68DB5219D8384600B073C6 /* Supporting Files */ = {
			isa = PBXGroup;
			children = (
				AA68DB5319D8384600B073C6 /* PlanetRendering-Info.plist */,
			);
			name = "Supporting Files";
			sourceTree = "<group>";
		};
		AA68DB5919D8384600B073C6 /* Resources */ = {
			isa = PBXGroup;
			children = (
				AA68DB6F19D8407700B073C6 /* fragmentShader.glsl */,
				AA68DB7319D8408A00B073C6 /* vertexShader.glsl */,
				CAB9F7F219E6E5B90043C313 /* atmosphericFrag.glsl */,
			);
			name = Resources;
			sourceTree = "<group>";
		};
/* End PBXGroup section */

/* Begin PBXNativeTarget section */
		AA68DB4E19D8384600B073C6 /* PlanetRendering */ = {
			isa = PBXNativeTarget;
			buildConfigurationList = AA68DB6419D8384600B073C6 /* Build configuration list for PBXNativeTarget "PlanetRendering" */;
			buildPhases = (
				AA68DB4A19D8384600B073C6 /* Sources */,
				AA68DB4B19D8384600B073C6 /* Frameworks */,
				AA68DB4C19D8384600B073C6 /* Resources */,
				AA68DB4D19D8384600B073C6 /* ShellScript */,
			);
			buildRules = (
			);
			dependencies = (
			);
			name = PlanetRendering;
			productName = PlanetRendering;
			productReference = AA68DB4F19D8384600B073C6 /* PlanetRendering.app */;
			productType = "com.apple.product-type.application";
		};
/* End PBXNativeTarget section */

/* Begin PBXProject section */
		AA68DB4619D8384600B073C6 /* Project object */ = {
			isa = PBXProject;
			attributes = {
				LastUpgradeCheck = 0600;
				ORGANIZATIONNAME = Christian;
				TargetAttributes = {
					AA68DB4E19D8384600B073C6 = {
						CreatedOnToolsVersion = 6.0.1;
					};
				};
			};
			buildConfigurationList = AA68DB4919D8384600B073C6 /* Build configuration list for PBXProject "PlanetRendering" */;
			compatibilityVersion = "Xcode 3.2";
			developmentRegion = English;
			hasScannedForEncodings = 0;
			knownRegions = (
				en,
			);
			mainGroup = AA68DB4519D8384600B073C6;
			productRefGroup = AA68DB5019D8384600B073C6 /* Products */;
			projectDirPath = "";
			projectRoot = "";
			targets = (
				AA68DB4E19D8384600B073C6 /* PlanetRendering */,
			);
		};
/* End PBXProject section */

/* Begin PBXResourcesBuildPhase section */
		AA68DB4C19D8384600B073C6 /* Resources */ = {
			isa = PBXResourcesBuildPhase;
			buildActionMask = 2147483647;
			files = (
				AA4BABD719DA04B10022C8BC /* glm in Resources */,
				AA68DB7119D8407700B073C6 /* fragmentShader.glsl in Resources */,
				AA68DB7419D8408A00B073C6 /* vertexShader.glsl in Resources */,
				CAB9F7F319E6E5B90043C313 /* atmosphericFrag.glsl in Resources */,
			);
			runOnlyForDeploymentPostprocessing = 0;
		};
/* End PBXResourcesBuildPhase section */

/* Begin PBXShellScriptBuildPhase section */
		AA68DB4D19D8384600B073C6 /* ShellScript */ = {
			isa = PBXShellScriptBuildPhase;
			buildActionMask = 2147483647;
			files = (
			);
			inputPaths = (
			);
			outputPaths = (
			);
			runOnlyForDeploymentPostprocessing = 0;
			shellPath = /bin/sh;
			shellScript = "";
		};
/* End PBXShellScriptBuildPhase section */

/* Begin PBXSourcesBuildPhase section */
		AA68DB4A19D8384600B073C6 /* Sources */ = {
			isa = PBXSourcesBuildPhase;
			buildActionMask = 2147483647;
			files = (
				AA68DB6C19D83B5700B073C6 /* GLManager.cpp in Sources */,
				AACC3ED319DCE87500FEDC84 /* MainGame_SDL.cpp in Sources */,
				AA4BABDA19DA08450022C8BC /* Camera.cpp in Sources */,
				AA623B3C19D8709000C31816 /* Player.cpp in Sources */,
				AA68DB5819D8384600B073C6 /* main.cpp in Sources */,
				AA68DB5519D8384600B073C6 /* ResourcePath.mm in Sources */,
				AA0DFC4319D8598E0042C627 /* Planet.cpp in Sources */,
			);
			runOnlyForDeploymentPostprocessing = 0;
		};
/* End PBXSourcesBuildPhase section */

/* Begin XCBuildConfiguration section */
		AA68DB6219D8384600B073C6 /* Debug */ = {
			isa = XCBuildConfiguration;
			buildSettings = {
				ARCHS = "$(ARCHS_STANDARD_32_64_BIT)";
				CLANG_CXX_LANGUAGE_STANDARD = "c++0x";
				CLANG_CXX_LIBRARY = "libc++";
				CLANG_WARN_EMPTY_BODY = YES;
				CLANG_WARN__DUPLICATE_METHOD_MATCH = YES;
				FRAMEWORK_SEARCH_PATHS = (
					/Library/Frameworks/,
					"$(inherited)",
				);
				GCC_OPTIMIZATION_LEVEL = 0;
				GCC_PREPROCESSOR_DEFINITIONS = (
					"DEBUG=1",
					"$(inherited)",
				);
				GCC_VERSION = com.apple.compilers.llvm.clang.1_0;
				GCC_WARN_ABOUT_RETURN_TYPE = YES;
				GCC_WARN_UNINITIALIZED_AUTOS = YES;
				GCC_WARN_UNUSED_VARIABLE = YES;
				HEADER_SEARCH_PATHS = (
					/usr/local/include/,
					"$(inherited)",
				);
				LIBRARY_SEARCH_PATHS = (
					/usr/local/lib/,
					"$(inherited)",
				);
				ONLY_ACTIVE_ARCH = NO;
				OTHER_LDFLAGS = (
					"$(inherited)",
					"$(SFML_SYSTEM)",
					"$(SFML_WINDOW)",
					"$(SFML_GRAPHICS)",
					"$(SFML_AUDIO)",
					"$(SFML_NETWORK)",
				);
				SFML_AUDIO = "$(SFML_LINK_PREFIX) sfml-audio$(SFML_LINK_SUFFIX)";
				SFML_BINARY_TYPE = FRAMEWORKS;
				SFML_GRAPHICS = "$(SFML_LINK_PREFIX) sfml-graphics$(SFML_LINK_SUFFIX)";
				SFML_LINK_DYLIBS_PREFIX = "-l";
				SFML_LINK_DYLIBS_SUFFIX = "";
				SFML_LINK_FRAMEWORKS_PREFIX = "-framework";
				SFML_LINK_FRAMEWORKS_SUFFIX = "";
				SFML_LINK_PREFIX = "$(SFML_LINK_$(SFML_BINARY_TYPE)_PREFIX)";
				SFML_LINK_SUFFIX = "$(SFML_LINK_$(SFML_BINARY_TYPE)_SUFFIX)";
				SFML_NETWORK = "$(SFML_LINK_PREFIX) sfml-network$(SFML_LINK_SUFFIX)";
				SFML_SYSTEM = "$(SFML_LINK_PREFIX) sfml-system$(SFML_LINK_SUFFIX)";
				SFML_WINDOW = "$(SFML_LINK_PREFIX) sfml-window$(SFML_LINK_SUFFIX)";
				SUPPORTED_PLATFORMS = macosx;
			};
			name = Debug;
		};
		AA68DB6319D8384600B073C6 /* Release */ = {
			isa = XCBuildConfiguration;
			buildSettings = {
				ARCHS = "$(ARCHS_STANDARD_32_64_BIT)";
				CLANG_CXX_LANGUAGE_STANDARD = "c++0x";
				CLANG_CXX_LIBRARY = "libc++";
				CLANG_WARN_EMPTY_BODY = YES;
				CLANG_WARN__DUPLICATE_METHOD_MATCH = YES;
				COPY_PHASE_STRIP = YES;
				FRAMEWORK_SEARCH_PATHS = (
					/Library/Frameworks/,
					"$(inherited)",
				);
				GCC_VERSION = com.apple.compilers.llvm.clang.1_0;
				GCC_WARN_ABOUT_RETURN_TYPE = YES;
				GCC_WARN_UNINITIALIZED_AUTOS = YES;
				GCC_WARN_UNUSED_VARIABLE = YES;
				HEADER_SEARCH_PATHS = (
					/usr/local/include/,
					"$(inherited)",
				);
				LIBRARY_SEARCH_PATHS = (
					/usr/local/lib/,
					"$(inherited)",
				);
				ONLY_ACTIVE_ARCH = NO;
				OTHER_LDFLAGS = (
					"$(inherited)",
					"$(SFML_SYSTEM)",
					"$(SFML_WINDOW)",
					"$(SFML_GRAPHICS)",
					"$(SFML_AUDIO)",
					"$(SFML_NETWORK)",
				);
				SFML_AUDIO = "$(SFML_LINK_PREFIX) sfml-audio$(SFML_LINK_SUFFIX)";
				SFML_BINARY_TYPE = FRAMEWORKS;
				SFML_GRAPHICS = "$(SFML_LINK_PREFIX) sfml-graphics$(SFML_LINK_SUFFIX)";
				SFML_LINK_DYLIBS_PREFIX = "-l";
				SFML_LINK_DYLIBS_SUFFIX = "";
				SFML_LINK_FRAMEWORKS_PREFIX = "-framework";
				SFML_LINK_FRAMEWORKS_SUFFIX = "";
				SFML_LINK_PREFIX = "$(SFML_LINK_$(SFML_BINARY_TYPE)_PREFIX)";
				SFML_LINK_SUFFIX = "$(SFML_LINK_$(SFML_BINARY_TYPE)_SUFFIX)";
				SFML_NETWORK = "$(SFML_LINK_PREFIX) sfml-network$(SFML_LINK_SUFFIX)";
				SFML_SYSTEM = "$(SFML_LINK_PREFIX) sfml-system$(SFML_LINK_SUFFIX)";
				SFML_WINDOW = "$(SFML_LINK_PREFIX) sfml-window$(SFML_LINK_SUFFIX)";
				SUPPORTED_PLATFORMS = macosx;
			};
			name = Release;
		};
		AA68DB6519D8384600B073C6 /* Debug */ = {
			isa = XCBuildConfiguration;
			buildSettings = {
				FRAMEWORK_SEARCH_PATHS = (
					"$(inherited)",
					"$(PROJECT_DIR)",
				);
				INFOPLIST_FILE = "PlanetRendering/PlanetRendering-Info.plist";
				OTHER_LDFLAGS = "";
				"OTHER_LDFLAGS[arch=*]" = "";
				PRODUCT_NAME = "$(TARGET_NAME)";
				SFML_AUDIO = "";
				SFML_GRAPHICS = "";
				SFML_LINK_FRAMEWORKS_PREFIX = "";
			};
			name = Debug;
		};
		AA68DB6619D8384600B073C6 /* Release */ = {
			isa = XCBuildConfiguration;
			buildSettings = {
				FRAMEWORK_SEARCH_PATHS = (
					"$(inherited)",
					"$(PROJECT_DIR)",
				);
				GCC_OPTIMIZATION_LEVEL = fast;
				INFOPLIST_FILE = "PlanetRendering/PlanetRendering-Info.plist";
				OTHER_LDFLAGS = "";
				PRODUCT_NAME = "$(TARGET_NAME)";
				SFML_AUDIO = "";
				SFML_GRAPHICS = "";
				SFML_LINK_FRAMEWORKS_PREFIX = "";
			};
			name = Release;
		};
/* End XCBuildConfiguration section */

/* Begin XCConfigurationList section */
		AA68DB4919D8384600B073C6 /* Build configuration list for PBXProject "PlanetRendering" */ = {
			isa = XCConfigurationList;
			buildConfigurations = (
				AA68DB6219D8384600B073C6 /* Debug */,
				AA68DB6319D8384600B073C6 /* Release */,
			);
			defaultConfigurationIsVisible = 0;
			defaultConfigurationName = Release;
		};
		AA68DB6419D8384600B073C6 /* Build configuration list for PBXNativeTarget "PlanetRendering" */ = {
			isa = XCConfigurationList;
			buildConfigurations = (
				AA68DB6519D8384600B073C6 /* Debug */,
				AA68DB6619D8384600B073C6 /* Release */,
			);
			defaultConfigurationIsVisible = 0;
			defaultConfigurationName = Release;
		};
/* End XCConfigurationList section */
	};
	rootObject = AA68DB4619D8384600B073C6 /* Project object */;
}
